
Microsoft Visual Studio Solution File, Format Version 12.00
# Visual Studio Version 17
VisualStudioVersion = 17.1.32407.343
MinimumVisualStudioVersion = 10.0.40219.1
Project("{2150E333-8FDC-42A3-9474-1A3956D46DE8}") = "Frontend", "Frontend", "{AD31BB5A-AD7B-4EC8-B102-75B686B81D3D}"
EndProject
Project("{FAE04EC0-301F-11D3-BF4B-00C04F79EFBC}") = "Apple.Web", "Apple.Web\Apple.Web.csproj", "{9A11A6BA-D005-4933-A280-D09BDFB8D011}"
EndProject
Global
	GlobalSection(SolutionConfigurationPlatforms) = preSolution
		Debug|Any CPU = Debug|Any CPU
		Release|Any CPU = Release|Any CPU
	EndGlobalSection
	GlobalSection(ProjectConfigurationPlatforms) = postSolution
		{9A11A6BA-D005-4933-A280-D09BDFB8D011}.Debug|Any CPU.ActiveCfg = Debug|Any CPU
		{9A11A6BA-D005-4933-A280-D09BDFB8D011}.Debug|Any CPU.Build.0 = Debug|Any CPU
		{9A11A6BA-D005-4933-A280-D09BDFB8D011}.Release|Any CPU.ActiveCfg = Release|Any CPU
		{9A11A6BA-D005-4933-A280-D09BDFB8D011}.Release|Any CPU.Build.0 = Release|Any CPU
	EndGlobalSection
	GlobalSection(SolutionProperties) = preSolution
		HideSolutionNode = FALSE
	EndGlobalSection
	GlobalSection(NestedProjects) = preSolution
		{9A11A6BA-D005-4933-A280-D09BDFB8D011} = {AD31BB5A-AD7B-4EC8-B102-75B686B81D3D}
	EndGlobalSection
	GlobalSection(ExtensibilityGlobals) = postSolution
		SolutionGuid = {CC5DAAA4-CF4D-483B-A3F8-74053A995E5B}
	EndGlobalSection
EndGlobal
